{
    "_meta": {
        "hash": {
            "sha256": "7e0c62d837baddb4d8902fe98ba1283039f640cec0bcaf68aa4bdb837513a787"
        },
        "pipfile-spec": 6,
        "requires": {
            "python_version": "3.12"
        },
        "sources": [
            {
                "name": "pypi",
                "url": "https://pypi.org/simple",
                "verify_ssl": true
            }
        ]
    },
    "default": {},
    "develop": {}
}
