ewogICAgIl9tZXRhIjogewogICAgICAgICJoYXNoIjogewogICAgICAgICAgICAic2hhMjU2IjogImZhMzlkNTExNTZhY2Q1ZjE2MzJmNjIzOTg1MTM3YzU5YTY5NmIwZDM0MDU3N2FlZmZjNDcwM2RiOWU1N2FjYTgiCiAgICAgICAgfSwKICAgICAgICAicGlwZmlsZS1zcGVjIjogNiwKICAgICAgICAicmVxdWlyZXMiOiB7CiAgICAgICAgICAgICJweXRob25fdmVyc2lvbiI6ICIzLjEyIgogICAgICAgIH0sCiAgICAgICAgInNvdXJjZXMiOiBbCiAgICAgICAgICAgIHsKICAgICAgICAgICAgICAgICJuYW1lIjogInB5cGkiLAogICAgICAgICAgICAgICAgInVybCI6ICJodHRwczovL3B5cGkub3JnL3NpbXBsZSIsCiAgICAgICAgICAgICAgICAidmVyaWZ5X3NzbCI6IHRydWUKICAgICAgICAgICAgfQogICAgICAgIF0KICAgIH0sCiAgICAiZGVmYXVsdCI6IHsKICAgICAgICAiYWxlbWJpYyI6IHsKICAgICAgICAgICAgImhhc2hlcyI6IFsKICAgICAgICAgICAgICAgICJzaGEyNTY6MThhNWY2NDQ4YWY0ODY0Y2MzMDhhYWRmMzNlYjM3YzAxMTZkYTlhNjBmZDliYjNmMzFjY2IxYjUyMmI0YTliOSIsCiAgICAgICAgICAgICAgICAic2hhMjU2OjFjM2RkYjYzNWYyNmVmYmM4MGIxYjkwYzU2NTI1NDgyMDIwMjJkNGU3NjBmNmE3OGQ2ZDg1OTU5MjgwZTM2ODQiCiAgICAgICAgICAgIF0sCiAgICAgICAgICAgICJtYXJrZXJzIjogInB5dGhvbl92ZXJzaW9uID49ICczLjEwJyIsCiAgICAgICAgICAgICJ2ZXJzaW9uIjogIj09MS4xOC4yIgogICAgICAgIH0sCiAgICAgICAgImFuaXNvODYwMSI6IHsKICAgICAgICAgICAgImhhc2hlcyI6IFsKICAgICAgICAgICAgICAgICJzaGEyNTY6MjU0ODhmODY2M2RkMTUyOGFlMWY1NGY5NGFjMWVhNTFhZTI1YjRkNTMxNTM5YjhiYzcwN2ZlZDE4NGQxNjg0NSIsCiAgICAgICAgICAgICAgICAic2hhMjU2OmViMTk3MTdmZDRlMGRiNmRlMWFhYjA2ZjEyNDUwYWI5MjE0NDI0NmIyNTc0MjNmZTAyMGFmNTc0OGMwY2I4OWUiCiAgICAgICAgICAgIF0sCiAgICAgICAgICAgICJ2ZXJzaW9uIjogIj09MTAuMC4xIgogICAgICAgIH0sCiAgICAgICAgImJjcnlwdCI6IHsKICAgICAgICAgICAgImhhc2hlcyI6IFsKICAgICAgICAgICAgICAgICJzaGEyNTY6MDQ2YWQ2ZGI4OGVkYjNjNWVjZTQzNjlhZjk5NzkzOGZiMWMxOWQ2YTY5OWI5YzFiMjdiMGRiNDMyZmFhZTRjNCIsCiAgICAgICAgICAgICAgICAic2hhMjU2OjBjNDE4Y2E5OWZkNDdlOWM1OWEzMDE3NDRkNjMzMjhmMTc3OThiNTk0N2IwZjc5MWU5YWYzYzFjNDk5YzJkMGEiLAogICAgICAgICAgICAgICAgInNoYTI1NjowYzhlMDkzZWEyNTMyNjAxYTZmNjg2ZWRiYzJjNmIyZWMyNDEzMWZmNWM1MmY3NjEwZGQ2NGZhNDU1M2I1NDY0IiwKICAgICAgICAgICAgICAgICJzaGEyNTY6MGNhZTRjYjM1MDkzNGRmZDc0YzAyMDUyNWVlYWUwYTVmNzkyNTdlOGEyMDFjMGMxNzZmNGI4NGZkYmYyYTRiNCIsCiAgICAgICAgICAgICAgICAic2hhMjU2OjEzN2M1MTU2NTI0MzI4YTI0YjlmYWMxY2I1ZGIwYmE2MThiYzk3ZDExOTcwYjM5MTg0YzFkODdkYzRiZjE3NDYiLAogICAgICAgICAgICAgICAgInNoYTI1NjoyMDBhZjcxYmMyNWYyMjAwNmY0MDY5MDYwYzg4ZWQzNmY4YWE0ZmY3ZjUzZTY3ZmYwNGQyYWIzZjFlNzlhNWIyIiwKICAgICAgICAgICAgICAgICJzaGEyNTY6MjEyMTM5NDg0YWIzMjA3YjFmMGMwMDYzM2QzYmU5MmZlZjNjNWYwYWYxN2NhZDE1NTY3OWQwM2ZmMmVlMWU0MSIsCiAgICAgICAgICAgICAgICAic2hhMjU2OjJiNzMyZTdkMzg4ZmEyMmQ0ODkyMGJhYTI2N2JhNWQ5N2NjYTM4MDcwYjY5YzBlMmQzNzA4N2IzODFjNjgxZmQiLAogICAgICAgICAgICAgICAgInNoYTI1NjozNWE3N2VjNTViNTQxZTVlNTgzZWIzNDM2ZmZiYmY1M2IwZmZhMWZhMTZjYTY3ODIyNzlkYWY5NWQxNDZkY2Q5IiwKICAgICAgICAgICAgICAgICJzaGEyNTY6MzhjYWM3NDEwMTc3N2E2YTdkM2IzZTNjZmVmYTU3MDg5YjVhZGE2NTBkY2UyYmFmMGNiZGQ5ZDY1ZGIyMmE5ZSIsCiAgICAgICAgICAgICAgICAic2hhMjU2OjNhYmViNTQzODc0YjJjMDUyNGZmNDBjNTdhNGUxNGU1ZDNhNjZmZjMzZmI0MjM1MjljODhmMTgwZmQ3NTY1MzgiLAogICAgICAgICAgICAgICAgInNoYTI1NjozY2E4YTE2NmIxMTQwNDM2ZTA1ODI5OGEzNGQ4ODAzMmFiNjJmMTVhYWUxYzU5ODU4MDMzM2RjMjFkMjdlZjEwIiwKICAgICAgICAgICAgICAgICJzaGEyNTY6M2NmNjdhODA0ZmM2NmZjMjE3ZTY5MTRhNTYzNTAwMDI1OWZiYmJiMTJlNzhhOTk0ODhlNGQ1YmE0NDVhNzFlYiIsCiAgICAgICAgICAgICAgICAic2hhMjU2OjQ4NzBhNTI2MTA1MzcwMzdhZGIzODI0NDRmZWZkMzcwNmQ5NmQ2NjNhYzQ0Y2JiMmYzN2UzOTE5ZGNhM2Q3ZWYiLAogICAgICAgICAgICAgICAgInNoYTI1Njo0OGY3NTMxMDA5MzE2MDU2ODZmNzRlMjdhN2I0OTIzODEyMmFhNzYxYTlhZWZlOTM3MzI2NWI4YjdhYTQzZWE0IiwKICAgICAgICAgICAgICAgICJzaGEyNTY6NGJmZDJhMzRkZTY2MWYzNGQwYmRhNDNjM2U0ZTc5ZGY1ODZlNDcxNmVmNDAxZmUzMWVhMzlkNjlkNTgxZWYyMyIsCiAgICAgICAgICAgICAgICAic2hhMjU2OjU2MGRkYjZlYzczMDM4NmU3YjNiMjZiOGI0Yzg4MTk3YWFlZDkyNDQzMGU3Yjc0NjY2YTU4NmFjOTk3MjQ5ZWYiLAogICAgICAgICAgICAgICAgInNoYTI1Njo1YjE1ODlmNDgzOWEwODk5YzE0NmU4ODkyZWZlMzIwYzBmYTA5NjU2OGFiZDliOTU1OTNlZmFjNTBhODdjYjc1IiwKICAgICAgICAgICAgICAgICJzaGEyNTY6NWZlZWJmODVhOWNlZmRhMzI5NjZkODE3MWY1ZGI3ZTNiYTk2NGI3N2ZkZmUzMTkxOTYyMjI1NmY4MGY5Y2Y0MiIsCiAgICAgICAgICAgICAgICAic2hhMjU2OjYxMWYwYTE3YWE0YTI1YTY5MzYyZGNjMjk5ZmRhNWM4YTNkNGYxNjBlMmFiYjM4MzEwNDFmZWI3NzM5M2ExNGEiLAogICAgICAgICAgICAgICAgInNoYTI1Njo2MWFmYzM4MTI1MGMzMTgyZDkwNzg1NTFlM2FjM2E0MWRhMTQxNTRmYmZmNjQ3ZGRmNTJhNzY5ZjU4OGM0MTcyIiwKICAgICAgICAgICAgICAgICJzaGEyNTY6NjRkN2NlMTk2MjAzZTQ2OGM0NTdjMzdlYzIyMzkwZjFhNjFjODVjNmYwYjgxNjBmZDc1Mjk0MGNjZmIzYTY4MyIsCiAgICAgICAgICAgICAgICAic2hhMjU2OjY0ZWU4NDM0YjBkYTA1NGQ4MzBmYThlODllMWM4YmYzMDA2MWQ1MzkwNDRhMzk1MjRmZjdkZWM5MDQ4MWU1YzIiLAogICAgICAgICAgICAgICAgInNoYTI1Njo2YjhmNTIwYjYxZTg3ODFlZmVlNzNjYmExNGUzZThjOTU1NmNjZmIzNzU2MjNmNGY5NzQyOTU0NDczNDU0NWI0IiwKICAgICAgICAgICAgICAgICJzaGEyNTY6NzQxNDQ5MTMyZjY0YjM1MjRlOTVjZDMwZTVjZDMzNDMwMDZjZTE0NjA4OGYwNzRmMzFhYjI2Yjk0ZTZjNzViYSIsCiAgICAgICAgICAgICAgICAic2hhMjU2Ojc0NGQzYzZiMTY0Y2FhNjU4YWRjYjcyY2I4Y2M5YWQ5YjRiNzVjN2RiNTA3YWI0YmMyNDgwNDc0YTUxOTg5ZGEiLAogICAgICAgICAgICAgICAgInNoYTI1Njo3OWNmYTE2MWVkYThkMmRkZjI5YWNhZDM3MDM1NmI0N2YwMjM4NzE1M2IxMWQ0NjA0MmU5M2EwYTk1MTI3NDkzIiwKICAgICAgICAgICAgICAgICJzaGEyNTY6N2FlZWY1NGI2MGNlZGRiNmYzMGVlM2RiMDkwMzUxZWNmMGQ0MGVjNmUyYWJmNDE0MzA5OTc0MDdhNDZkMjI1NCIsCiAgICAgICAgICAgICAgICAic2hhMjU2OjdlZGRhOTFkNWFiNTJiMTU2MzZkOWMzMGRhODdkMmNjODRmNDI2YzcyYjlkYmE3YTliNGZlMTQyYmExMWY1MzQiLAogICAgICAgICAgICAgICAgInNoYTI1Njo3ZjI3N2E0YjMzOTBhYjRiZWJlNTk3ODAwYTkwZGEwZWRhZTg4MmM2MTk2ZDMwMzhhNzNhZGY0NDZjNGY5NjlmIiwKICAgICAgICAgICAgICAgICJzaGEyNTY6N2Y0Yzk0ZGVjMWI1YWI1ZDUyMjc1MGNiMDU5YmI5NDA5ZWE4ODcyZDQ0OTRmZDE1MmI1M2NjYTk5ZjFkZGQ4YyIsCiAgICAgICAgICAgICAgICAic2hhMjU2OjgwMWNhZDVjY2I2Yjg3ZDFiNDMwZjE4MzI2OWI5NGMyNGYyNDhkZGRiYmM1YzFmNzhiNmVkMjMxNzQzZTAwMWMiLAogICAgICAgICAgICAgICAgInNoYTI1Njo4M2U3ODdkN2E4NGRiYmZiYTZmMjUwZGQ3YTVlZmQ2ODllOTM1ZjAzZGQ4M2IwZjkxOWQzOTM0OWUxZjIzZjgzIiwKICAgICAgICAgICAgICAgICJzaGEyNTY6ODkwNDJlNjFiNWU4MDhiNjdkYWYyNGE0MzRkODliYWIxNjRkNGRlMTc0NmIzN2E4ZDE3M2I2YjE0ZjNkYjlmZiIsCiAgICAgICAgICAgICAgICAic2hhMjU2OjkyODY0ZjU0ZmI0OGI0YzcxOGZjOTJhMzI4MjVkMGU0MjI2NWE2MjdmOTU2YmMwMzYxZmU4NjlmMWFkYzNlN2QiLAogICAgICAgICAgICAgICAgInNoYTI1Njo5ZDUyZWQ1MDdjMjQ4OGVkZGQ2YTk1YmNjZWU0ZTgwOGQzMjM0ZmE3OGRkMzcwZTI0YmFjNjVhMjEyMTJiODYxIiwKICAgICAgICAgICAgICAgICJzaGEyNTY6OWZmZmRiMzg3YWJlNmFhNzc1YWYzNmVmMTZmNTVlMzE4ZGNkYTQxOTRkZGJmODIwMDdhNmYyMWRhMjlkZThmNSIsCiAgICAgICAgICAgICAgICAic2hhMjU2OmEyOGJjMDUwMzliZGYzMjg5ZDc1N2Y0OWQ2MTZhYjNlZmU4Y2Y0MGQ4ZTgwMDFjY2RkNjIxY2Q0Zjk4ZjRmYzkiLAogICAgICAgICAgICAgICAgInNoYTI1NjphNTM5M2VhZTU3MjJiY2VmMDQ2YTk5MGI4NGRmZjAyYjk1NDkwNGMzNmExOTRmNmNmYzgxN2Q3ZGNhNmM2ZjBiIiwKICAgICAgICAgICAgICAgICJzaGEyNTY6YTcxZjcwZWUyNjk2NzE0NjBiMzdhNDQ5ZjVmZjI2OTgyYTZmMmJhNDkzYjNlYWJkZDY4N2I0YmYzNWY4NzVhYyIsCiAgICAgICAgICAgICAgICAic2hhMjU2OmIxNzM2NjMxNmM2NTRlMWFkMDMwNmE2ODU4ZTE4OWZjODM1ZWNhMzlmN2ViMmNhZmQ2YWFjYThjZTBjNDBhMmUiLAogICAgICAgICAgICAgICAgInNoYTI1NjpiYWFkZTBhNTY1NzY1NGMyOTg0NDY4ZWZiN2Q2YzExMGRiODdlYTYzZWY1YTRiNTQ3MzJlN2UzMzcyNTNlNDRmIiwKICAgICAgICAgICAgICAgICJzaGEyNTY6YzIzODhjYTk0ZmZlZTI2OWI2MDM4ZDQ4NzQ3ZjRjZThkZjBmZmJlYTQzZjMxYWJmYTE4YWM3MmYwMjE4ZWZmYiIsCiAgICAgICAgICAgICAgICAic2hhMjU2OmM1OGI1NmNkZmIwMzIwMmIzYmNjOWZkOGRhZWU4ZThlOWI2ZDdlMzE2M2FhOTdjNjMxZGZjZmNjMjRkMzZjODYiLAogICAgICAgICAgICAgICAgInNoYTI1NjpjZGUwODczNGYxMmM2YTRlMjhkYzY3NTVjZDExZDNiZGZlYTYwOGQ5M2Q5NThmZmZiZTk1YTcwMjZlYmU0OTgwIiwKICAgICAgICAgICAgICAgICJzaGEyNTY6ZDc5ZTVjNjVkY2M5YWYyMTM1OTRkNmY3ZjFmYTJjOThhZDNmYzEwNDMxZTdhYTUzYzE3NmI0NDE5NDNlZmJkZCIsCiAgICAgICAgICAgICAgICAic2hhMjU2OmQ4ZDY1YjU2NGVjODQ5NjQzZDlmN2VhMDVjNmQ5ZjBjZDdjYTIzYmRkNGFjMGMyZGJlZjExMDRhYjUwNDU0M2QiLAogICAgICAgICAgICAgICAgInNoYTI1NjpkYjk5ZGNhM2IxZmRjM2RiODdkN2M1N2VhYzBjODIyODEyNDJkMWVhYmYxOWRjYjhhNmIxMGViMjlhMmU3MmQxIiwKICAgICAgICAgICAgICAgICJzaGEyNTY6ZGNkNThlMmIzYTkwOGI1ZWNjOWI5ZGYyZjAwODU1OTI1MDZhYzJkNTExMDc4NjAxOGVlNWUxNjBmMjhlMDkxMSIsCiAgICAgICAgICAgICAgICAic2hhMjU2OmRkMTljZjUxODRhOTBjODczMDA5MjQ0NTg2Mzk2YTZhODg0ZDU5MWE1MzIzZjBlOGE1OTIyNTYwNzE4ZDQ5OTMiLAogICAgICAgICAgICAgICAgInNoYTI1NjpkZGI0ZTE1MDBmNmVmZGQ0MDIyMThmZmUzNGQwNDBhMTE5NmMwNzJlMDc5MjliOTgyMGYzNjNhMWZkMWY0MTkxIiwKICAgICAgICAgICAgICAgICJzaGEyNTY6ZTNjZjViMjU2MGM3YjVhMTQyMjg2ZjY5YmRlOTE0NDk0YjZkOGY5MDFhYWE3MWU0NTMwNzgzODhhNTA4ODFjNCIsCiAgICAgICAgICAgICAgICAic2hhMjU2OmVkMmUxMzY1ZTMxZmM3M2YxODI1ZmE4MzBmMWM4Zjg5MTdjYTFiM2NhNjE4NTc3M2IzNDljMjBmZDYwNmNlYzIiLAogICAgICAgICAgICAgICAgInNoYTI1NjplZGZjZGNlZGQwZDBmMDU4NTBjNTJiYTMxMjdiMWZjZTcwYjlmODllMGZlNWZmMTY1MTdkZjdlODFmYTNjYmI4IiwKICAgICAgICAgICAgICAgICJzaGEyNTY6ZjBjZTc3ODEzNWY2MDc5OWQ4OWM5NjkzYjliMzk4ODE5ZDE1ZjE5MjFiYTE1ZmU3MTlhY2IzMTc4MjE1YTdkYiIsCiAgICAgICAgICAgICAgICAic2hhMjU2OmYyMzQ3ZDM1MzRlNzZiZjUwYmNhNTUwMDk4OWQ2YzFkMDVlZDY0YjQ0MDQwODA1N2EzNzY3MzI4MmM2NTQ5MjciLAogICAgICAgICAgICAgICAgInNoYTI1NjpmM2MwODE5N2YzMDM5YmVjNzljZWU1OWE2MDZkNjJiOTZiMTY2NjljZmYzOTQ5ZjIxZTc0Nzk2YjZlM2NkMmJlIiwKICAgICAgICAgICAgICAgICJzaGEyNTY6ZjYzMmZkNTZmYzRlNjE1NjRmNzhiNDZhMjI2OTE1MzEyMmRiMzQ5ODhlNzhiNmJlOGIzMmQyODUwN2I3ZWFlYiIsCiAgICAgICAgICAgICAgICAic2hhMjU2OmY2OTg0YTI0ZGIzMDU0OGZkMzlhNDQzNjA1MzI4OThjMzM1MjhiNzRhZWRmODFjMjZjZjI5YzUxZWU0NzA1N2UiLAogICAgICAgICAgICAgICAgInNoYTI1NjpmNzBhYWRiN2E4MDkzMDUyMjZkYWVkZjc1ZDkwMzc5YzM5N2IwOTQ3NTVhNzEwZDcwMTRiOGIxMTdkZjFlYmJmIiwKICAgICAgICAgICAgICAgICJzaGEyNTY6Zjc0OGY3YzJkNmZkMzc1Y2M5M2QzZmJhN2VmNGE5ZTNhMDkyNDIxYjhkYmYzNGQ4ZDRkYzA2YmU5NDkyZGZkZCIsCiAgICAgICAgICAgICAgICAic2hhMjU2OmY4NDI5ZTFjNDEwYjQwNzM5NDRmMDNiZDc3OGE5ZTA2NmU3ZmFkNzIzNTY0YTUyZmY5MTg0MWQyNzhkZmM4MjIiLAogICAgICAgICAgICAgICAgInNoYTI1NjpmYzc0NjQzMmI5NTFlOTJiNTgzMTdhZjhlMGNhNzQ2ZWZlOTNlNjY1NTVmMWI0MDg4ODg2NWVmNWJmNTY0NDZiIgogICAgICAgICAgICBdLAogICAgICAgICAgICAibWFya2VycyI6ICJweXRob25fdmVyc2lvbiA+PSAnMy44JyIsCiAgICAgICAgICAgICJ2ZXJzaW9uIjogIj09NS4wLjAiCiAgICAgICAgfSwKICAgICAgICAiYmxpbmtlciI6IHsKICAgICAgICAgICAgImhhc2hlcyI6IFsKICAgICAgICAgICAgICAgICJzaGEyNTY6YjRjZTIyNjVhN2FiZWNlNDVlN2NjODk2ZTk4ZGJlYmU2Y2VhZDU2YmNmODA1YTNkMjMxMzZkMTQ1ZjU0NDViZiIsCiAgICAgICAgICAgICAgICAic2hhMjU2OmJhMGVmYWE5MDgwYjYxOWZmMmYzNDU5ZDFkNTAwYzU3YmRkZWE0YTZiNDI0YjYwYTkxMTQxZGI2ZmQyZjA4YmMiCiAgICAgICAgICAgIF0sCiAgICAgICAgICAgICJtYXJrZXJzIjogInB5dGhvbl92ZXJzaW9uID49ICczLjknIiwKICAgICAgICAgICAgInZlcnNpb24iOiAiPT0xLjkuMCIKICAgICAgICB9LAogICAgICAgICJjbGljayI6IHsKICAgICAgICAgICAgImhhc2hlcyI6IFsKICAgICAgICAgICAgICAgICJzaGEyNTY6MTJmZjQ3ODVkMzM3YTFiYjQ5MGJiN2U5YzJiMWVlNWRhMzExMmU5NGE4NjIyZjI2YTZjNzdmNWQyZmM2ODQyYSIsCiAgICAgICAgICAgICAgICAic2hhMjU2Ojk4MTE1M2E2NGUyNWYxMmQ1NDdkMzQyNmMzNjdhNDg1NzM3MTU3NWVlN2FkMThkZjJhNjE4M2FiMDU0NWIyYTYiCiAgICAgICAgICAgIF0sCiAgICAgICAgICAgICJtYXJrZXJzIjogInB5dGhvbl92ZXJzaW9uID49ICczLjEwJyIsCiAgICAgICAgICAgICJ2ZXJzaW9uIjogIj09OC4zLjEiCiAgICAgICAgfSwKICAgICAgICAiZmxhc2siOiB7CiAgICAgICAgICAgICJoYXNoZXMiOiBbCiAgICAgICAgICAgICAgICAic2hhMjU2OmJmNjU2YzE1YzgwMTkwZWQ2MjhhZDA4Y2RmZDNhYWEzNWJlYjA4Nzg1NWUyZjQ5NDkxMGFhMzc3NGNjNGZkODciLAogICAgICAgICAgICAgICAgInNoYTI1NjpjYTFkODExMmVjOGE2MTU4Y2MyOWVhNDg1ODk2MzM1MDAxMWI1Yzg0NmE0MTRjZGI3YTk1NGFhOWU5NjdkMDNjIgogICAgICAgICAgICBdLAogICAgICAgICAgICAiaW5kZXgiOiAicHlwaSIsCiAgICAgICAgICAgICJtYXJrZXJzIjogInB5dGhvbl92ZXJzaW9uID49ICczLjknIiwKICAgICAgICAgICAgInZlcnNpb24iOiAiPT0zLjEuMiIKICAgICAgICB9LAogICAgICAgICJmbGFzay1iY3J5cHQiOiB7CiAgICAgICAgICAgICJoYXNoZXMiOiBbCiAgICAgICAgICAgICAgICAic2hhMjU2OjA2MmZkOTkxZGM5MTE4ZDA1YWMwNTgzNjc1NTA3YjlmZTQ2NzBlNDQ0MTZjOTdlMGU2ODE5ZDAzZDAxZjgwOGEiLAogICAgICAgICAgICAgICAgInNoYTI1NjpmMDdiNjZiODExNDE3ZWE2NGViMTg4YWU2NDU1YjBiNzA4YTc5M2Q5NjZlMWE4MGNlZWM0YTIzYmM0MmE0MzY5IgogICAgICAgICAgICBdLAogICAgICAgICAgICAiaW5kZXgiOiAicHlwaSIsCiAgICAgICAgICAgICJ2ZXJzaW9uIjogIj09MS4wLjEiCiAgICAgICAgfSwKICAgICAgICAiZmxhc2stY29ycyI6IHsKICAgICAgICAgICAgImhhc2hlcyI6IFsKICAgICAgICAgICAgICAgICJzaGEyNTY6NmUxMThmMzY5ODI0OWFlMzNlNDI5NzYwZGI5OGNlMDMyYThiZjk5MTM2MzhkMDg1Y2EwZjRjNTUzNGFkMjQyMyIsCiAgICAgICAgICAgICAgICAic2hhMjU2OmU1NzU0NGQ0MTVkZmQ3ZGE4OWE5NTY0ZTFlM2E5ZTUxNTA0MmRmNzZlMTIxMzA2NDFjYTZmM2YyZjAzYjY5OWEiCiAgICAgICAgICAgIF0sCiAgICAgICAgICAgICJpbmRleCI6ICJweXBpIiwKICAgICAgICAgICAgIm1hcmtlcnMiOiAicHl0aG9uX3ZlcnNpb24gPj0gJzMuOScgYW5kIHB5dGhvbl92ZXJzaW9uIDwgJzQuMCciLAogICAgICAgICAgICAidmVyc2lvbiI6ICI9PTYuMC4yIgogICAgICAgIH0sCiAgICAgICAgImZsYXNrLWxvZ2luIjogewogICAgICAgICAgICAiaGFzaGVzIjogWwogICAgICAgICAgICAgICAgInNoYTI1Njo1ZTIzZDE0YTYwN2VmMTI4MDZjNjk5NTkwYjg5ZDBmMGUwZDY3YmFlZWM1OTlkNzU5NDdiZjljMTQ3MzMwMzMzIiwKICAgICAgICAgICAgICAgICJzaGEyNTY6ODQ5YjI1YjgyYTQzNmJmODMwYTA1NGU3NDIxNDA3NGFmNTkwOTcxNzE1NjJhYjEwYmZhOTk5ZTZiNzhhYWU1ZCIKICAgICAgICAgICAgXSwKICAgICAgICAgICAgImluZGV4IjogInB5cGkiLAogICAgICAgICAgICAibWFya2VycyI6ICJweXRob25fdmVyc2lvbiA+PSAnMy43JyIsCiAgICAgICAgICAgICJ2ZXJzaW9uIjogIj09MC42LjMiCiAgICAgICAgfSwKICAgICAgICAiZmxhc2stbWlncmF0ZSI6IHsKICAgICAgICAgICAgImhhc2hlcyI6IFsKICAgICAgICAgICAgICAgICJzaGEyNTY6MWEzMzZiMDZlYjJjM2FjZTAwNWY1ZjJkZWQ4NjQxZDUzNGMxODc5OGQ2NDA2MWY2ZmYxMWY3OWUxNDM0MTI2ZCIsCiAgICAgICAgICAgICAgICAic2hhMjU2OjI0ZDgwNTFhZjE2MTc4MmUwNzQzYWYxYjA0YTE1MmQwMDdiYWQ5NzcyYjJiY2E2N2I3ZWMxZThjZWViMzkxMGQiCiAgICAgICAgICAgIF0sCiAgICAgICAgICAgICJpbmRleCI6ICJweXBpIiwKICAgICAgICAgICAgIm1hcmtlcnMiOiAicHl0aG9uX3ZlcnNpb24gPj0gJzMuNiciLAogICAgICAgICAgICAidmVyc2lvbiI6ICI9PTQuMS4wIgogICAgICAgIH0sCiAgICAgICAgImZsYXNrLXJlc3RmdWwiOiB7CiAgICAgICAgICAgICJoYXNoZXMiOiBbCiAgICAgICAgICAgICAgICAic2hhMjU2OjFjZjkzYzUzNTE3MmYxMTJlMDgwYjBkNDUwM2E4ZDE1ZjkzYTQ4Yzg4YmRkMzZkZDg3MjY5YmRhZjQwNTA1MWIiLAogICAgICAgICAgICAgICAgInNoYTI1NjpmZTRhZjJlZjAwMjdkZjhmOWI0Zjc5N2FiYTIwYzU1NjY4MDFiNmFkZTk5NWFjNjNiNTg4YWJmMWE1OWNlYzM3IgogICAgICAgICAgICBdLAogICAgICAgICAgICAiaW5kZXgiOiAicHlwaSIsCiAgICAgICAgICAgICJ2ZXJzaW9uIjogIj09MC4zLjEwIgogICAgICAgIH0sCiAgICAgICAgImZsYXNrLXNxbGFsY2hlbXkiOiB7CiAgICAgICAgICAgICJoYXNoZXMiOiBbCiAgICAgICAgICAgICAgICAic2hhMjU2OjRiYTRiZTdmNDE5ZGM3MmY0ZWZkODgwMmQ2OTk3NDgwM2MzNzI1OWRkNDJmMzkxM2IwZGNmNzVjOTQ0N2UwYTAiLAogICAgICAgICAgICAgICAgInNoYTI1NjplNGI2OGJiODgxODAyZGRhMWE3ZDg3OGIyZmM4NGMwNmQxZWU1N2ZiNDBiODc0ZDNkYzk3ZGFiZmEzNmI4MzEyIgogICAgICAgICAgICBdLAogICAgICAgICAgICAiaW5kZXgiOiAicHlwaSIsCiAgICAgICAgICAgICJtYXJrZXJzIjogInB5dGhvbl92ZXJzaW9uID49ICczLjgnIiwKICAgICAgICAgICAgInZlcnNpb24iOiAiPT0zLjEuMSIKICAgICAgICB9LAogICAgICAgICJpdHNkYW5nZXJvdXMiOiB7CiAgICAgICAgICAgICJoYXNoZXMiOiBbCiAgICAgICAgICAgICAgICAic2hhMjU2OmM2MjQyZmM0OWUzNTk1OGM4YjE1MTQxMzQzYWE2NjBkYjVmYzU0ZDRmMTNhMWRiMDFhM2Y1ODkxYjk4NzAwZWYiLAogICAgICAgICAgICAgICAgInNoYTI1NjplMDA1MGMwYjdkYTFlZWE1M2ZmYWYxNDljMGNmYmI1YzZlMmUyYjY5YzRiZWYyMmM4MWZhNmViNzNlNWY2MTczIgogICAgICAgICAgICBdLAogICAgICAgICAgICAibWFya2VycyI6ICJweXRob25fdmVyc2lvbiA+PSAnMy44JyIsCiAgICAgICAgICAgICJ2ZXJzaW9uIjogIj09Mi4yLjAiCiAgICAgICAgfSwKICAgICAgICAiamluamEyIjogewogICAgICAgICAgICAiaGFzaGVzIjogWwogICAgICAgICAgICAgICAgInNoYTI1NjowMTM3ZmIwNTk5MGQzNWYxMjc1YTU4N2U5YWVlNmQ1NmRhODIxZmM4MzQ5MWEwZmI4MzgxODNiZTQzZjY2ZDZkIiwKICAgICAgICAgICAgICAgICJzaGEyNTY6ODVlY2U0NDUxZjQ5MmQwYzEzYzVkZDdjMTNhNjQ2ODFhODZhZmFlNjNhNWYzNDc5MDhkYWYxMDNjZTZkMmY2NyIKICAgICAgICAgICAgXSwKICAgICAgICAgICAgIm1hcmtlcnMiOiAicHl0aG9uX3ZlcnNpb24gPj0gJzMuNyciLAogICAgICAgICAgICAidmVyc2lvbiI6ICI9PTMuMS42IgogICAgICAgIH0sCiAgICAgICAgIm1ha28iOiB7CiAgICAgICAgICAgICJoYXNoZXMiOiBbCiAgICAgICAgICAgICAgICAic2hhMjU2Ojk5NTc5YTZmMzk1ODNmYTdlNTYzMGEyOGMzYzFmNDQwZTRlOTdhNDE0YjgwMzcyNjQ5YzBjZTMzOGRhMmVhMjgiLAogICAgICAgICAgICAgICAgInNoYTI1NjpiYWVmMjRhNTJmYzRmYzUxNGEwODg3YWM2MDBmOWYxY2ZmM2Q4MmM2MWQ0ZDcwMGExZmE4NGQ1OTdiODhkYjU5IgogICAgICAgICAgICBdLAogICAgICAgICAgICAibWFya2VycyI6ICJweXRob25fdmVyc2lvbiA+PSAnMy44JyIsCiAgICAgICAgICAgICJ2ZXJzaW9uIjogIj09MS4zLjEwIgogICAgICAgIH0sCiAgICAgICAgIm1hcmt1cHNhZmUiOiB7CiAgICAgICAgICAgICJoYXNoZXMiOiBbCiAgICAgICAgICAgICAgICAic2hhMjU2OjAzMDM0MzlhNDE5NzlkOWU3NGQxOGZmNWUyZGQ4YzQzZWQ2YzYwMDFmZDQwZTViZjJlNDNmN2JkOWJiYzUyM2YiLAogICAgICAgICAgICAgICAgInNoYTI1NjowNjhmMzc1YzQ3MmIzZTdhY2JlMmQ1MzE4ZGVhMTQxMzU5ZTY5MDAxNTZiNWIyYmEwNmEzMGIxNjkwODZiOTFhIiwKICAgICAgICAgICAgICAgICJzaGEyNTY6MGJmMmE4NjRkNjdlNzZlNWM5YTM0ZGMyNmVjNjE2YTY2Yjk4ODhlMjVlN2I5NDYwZTFjNzZkMzI5M2JkOWRiZiIsCiAgICAgICAgICAgICAgICAic2hhMjU2OjBkYjE0ZjVkYWZkZGJiNmQ5MjA4ODI3ODQ5ZmFkMDFmMWEyNjA5MzgwYWRkNDA2NjcxYTI2Mzg2Y2RmMTVhMTkiLAogICAgICAgICAgICAgICAgInNoYTI1NjowZWI5ZmY4MTkxZTg0OThjY2EwMTQ2NTZhZTZiOGQ2MWYzOWRhNWY5NWI0ODg4MDVkYTRiYjAyOWNjY2JmYmFmIiwKICAgICAgICAgICAgICAgICJzaGEyNTY6MGY0YjY4MzQ3ZjhjNWVhYjRhMTM0MTkyMTViZGZkN2Y4YzliMTlmMmIyNTUyMDk2OGFkZmFkMjNlYjBjZTYwYyIsCiAgICAgICAgICAgICAgICAic2hhMjU2OjEwODVlN2ZiZGRkM2JlNWY4OWNjODk4OTM4ZjQyYzBiM2M3MTFmZGNiMzdkNzUyMjFkZTI2NjZhZjY0N2MxNzUiLAogICAgICAgICAgICAgICAgInNoYTI1NjoxMTZiYjUyZjY0MmEzN2MxMTVmNTE3NDk0ZWE1ZmViMDM4ODllMDRkZjQ3ZWVmZjViMTMwYjE4MDhjZTdjMjE5IiwKICAgICAgICAgICAgICAgICJzaGEyNTY6MTJjNjNkZmI0YTk4MjA2ZjA0NWFhOTU2M2RiNDY1MDc5OTVmN2VmNmQ4M2IyZjY4ZWRhNjVjMzA3YzY4MjllYiIsCiAgICAgICAgICAgICAgICAic2hhMjU2OjEzM2E0M2U3M2E4MDJjNTU2MmJlOWJiY2QwM2QwOTBhYTVhMWZlODk5ZGI2MDljMjllOGM4ZDgxNWM1ZjZkZTYiLAogICAgICAgICAgICAgICAgInNoYTI1NjoxMzUzZWYwYzFiMTM4ZTE5MDdhZTc4ZTJmNmM2M2ZmNjc1MDExMjIwMDZiMGY5YWJhZDY4ZmRhNWY0ZmZjNmFiIiwKICAgICAgICAgICAgICAgICJzaGEyNTY6MTVkOTM5YTIxZDU0NjMwNDg4MDk0NWNhMWVjYjhhMDM5ZGI2YjRkYzQ5YjJjNWE0MDAzODdjZGFlNmE2MmUyNiIsCiAgICAgICAgICAgICAgICAic2hhMjU2OjE3N2I1MjUzYjI4MzRmZTM2NzhjYjRhNWYwMDU5ODA4MjU4NTg0YzU1OTE5Mzk5OGJlMjYwMTMyNGZkZWFmYjEiLAogICAgICAgICAgICAgICAgInNoYTI1NjoxODcyZGY2OWE0ZGU2YWVhZDM0OTExOThlYWYxMzgxMGI1NjViZGJlZWMzYWUyZGM4NzgwZjE0NDU4ZWM3M2NlIiwKICAgICAgICAgICAgICAgICJzaGEyNTY6MWI0Yjc5ZThlYmY2YjU1MzUxZjBkOTFmZTgwZjg5M2I0NzQzZjEwNGJmZjIyZTkwNjk3ZGIxNTkwZTQ3YTIxOCIsCiAgICAgICAgICAgICAgICAic2hhMjU2OjFiNTJiNGZiOWRmNGViOWFlNDY1ZjhkMGMyMjhhMDA2MjRkZTIzMzRmMjE2ZjE3OGE5OTVjY2RjZjgyYzQ2MzQiLAogICAgICAgICAgICAgICAgInNoYTI1NjoxYmE4ODQ0OWRlYjNkZTg4YmQ0MDA0NDYwM2ZhZmZmYjdiYzJiMDU1ZDYyNmEzMzAzMjNhOWVkNzM2NjYxNjk1IiwKICAgICAgICAgICAgICAgICJzaGEyNTY6MWNjN2VhMTdhNjgyNDk1OTYxNmM1MjU2MjBlMzg3ZjZkZDMwZmVjOGNiNDRmNjQ5ZTMxNzEyZGIwMjEyM2RhZCIsCiAgICAgICAgICAgICAgICAic2hhMjU2OjIxODU1MWY2ZGY0ODY4YThkNTI3ZTMwNjJkMGZiOTY4NjgyZmU5MjA1NGU4OTk3ODU5NGMyOGU2NDJjNDNhNzMiLAogICAgICAgICAgICAgICAgInNoYTI1NjoyNmE1Nzg0ZGVkNDBjOWUzMThjZmMyYmRiMzBmZTE2NGJkYjg2NjVkZWQ5Y2Q2NGQ1MDBhMzRmYjQyMDY3YjFjIiwKICAgICAgICAgICAgICAgICJzaGEyNTY6MjcxM2JhZjg4MGRmODQ3ZjJiZWNlNDIzMGQ0ZDA5NDI4MGY0ZTY3YjFlODEzZWVjNDNiNGMwZTE0NGEzNGZmZSIsCiAgICAgICAgICAgICAgICAic2hhMjU2OjJhMTVhMDhiMTdkZDk0YzUzYTFkYTA0Mzg4MjJkNzBlYmNkMTNmOGMzYTk1YWJlM2E5ZWY5ZjExYTk0ODMwYWEiLAogICAgICAgICAgICAgICAgInNoYTI1NjoyZjk4MWQzNTJmMDQ1NTNhNzE3MWI4ZTQ0MzY5ZjJhZjQwNTVmODg4ZGZiMTQ3ZDU1ZTQyZDI5ZTI5ZTc0NTU5IiwKICAgICAgICAgICAgICAgICJzaGEyNTY6MzIwMDFkNmE4ZmM5OGM4Y2I1Yzk0Nzc4N2M1ZDA4YjBhNTA2NjNkMTM5ZjEzMDViYWM1ODg1ZDk4ZDliNDBmYSIsCiAgICAgICAgICAgICAgICAic2hhMjU2OjM1MjRiNzc4ZmU1Y2ZiMzQ1MmEwOWQzMWU3YjVhZGVmZWVhOGM1YmUxZDQzYzRmODEwYmEwOWYyY2ViMjlkMzciLAogICAgICAgICAgICAgICAgInNoYTI1NjozNTM3ZTAxZWZjOWQ0ZGNjZGY3NzIyMWZiMWNiM2I4ZTFhMzhkNTQyODkyMGUwNjU3Y2UyOTliMjAzMjRkNzU4IiwKICAgICAgICAgICAgICAgICJzaGEyNTY6MzVhZGQzYjYzOGE1ZDkwMGU4MDc5NDRhMDc4YjUxOTIyMjEyZmIzZGVkYjAxNjMzYThkZWZjNGIwMWEzYzg1ZiIsCiAgICAgICAgICAgICAgICAic2hhMjU2OjM4NjY0MTA5YzE0ZmZjOWU3NDM3ZTg2YjRkY2ViNDQyYjAwOTZkZmUzNTQxZDc4NjRkOWNiZTFkYTRjZjM2YzgiLAogICAgICAgICAgICAgICAgInNoYTI1NjozYTdlOGFlODFhZTM5ZTYyYTQxZWMzMDJmOTcyYmE2YWUyM2E1YzUzOTZjOGU2MDExM2U5MDY2ZWY4OTNkYTBkIiwKICAgICAgICAgICAgICAgICJzaGEyNTY6M2I1NjJkZDllOWVhOTNmMTNkNTM5ODlkMjNhN2U3NzVmZGZkMTA2NmMzMzQ5NGZmNDNmNTQxOGJjOGM1OGE1YyIsCiAgICAgICAgICAgICAgICAic2hhMjU2OjQ1N2E2OWE5NTc3MDY0YzA1YTk3YzQxZjRlNjUxNDg2NTJkYjA3OGEzYTUwOTAzOWU2NGQzNDY3YjllN2VmOTciLAogICAgICAgICAgICAgICAgInNoYTI1Njo0YmQ0Y2QwNzk0NDQ0M2Y1YTI2NTYwOGNjNmFhYjQ0MmU0Zjc0ZGZmODA4OGIwZGZjODIzODY0N2I4ZjZhZTlhIiwKICAgICAgICAgICAgICAgICJzaGEyNTY6NGU4ODVhM2QxZWZhMmVhZGM5M2M4OTRhMjE3NzBlNGJjNjc4OTllMzU0MzY4MDMxM2IwOWYxMzllMTQ5YWIxOSIsCiAgICAgICAgICAgICAgICAic2hhMjU2OjRmYWZmZDA0N2UwN2MzODg0OGNlMDE3ZTg3MjUwOTA0MTNjZDgwY2JjMjNkODZlNTVjNTg3YmY5NzllNTc5YzkiLAogICAgICAgICAgICAgICAgInNoYTI1Njo1MDlmYTIxYzZkZWI3YTdhMjczZDYyOWNmNWVjMDI5YmMyMDlkMWE1MTE3ODYxNWRkZjcxOGY1OTE4OTkyYWI5IiwKICAgICAgICAgICAgICAgICJzaGEyNTY6NTY3ODIxMWNiOTMzM2E2NDY4ZmI4ZDhiZTAzMDU1MjBhYTA3M2Y1MGQxN2YwODliNWI0YjQ3N2VhNmU2N2ZkYyIsCiAgICAgICAgICAgICAgICAic2hhMjU2OjU5MWFlOWYyYTY0NzUyOWNhOTkwYmM2ODFkYWViZGQ1MmM4NzkxZmYwNmMyYmZhMDViNjUxNjNlMjgxMDJlZjIiLAogICAgICAgICAgICAgICAgInNoYTI1Njo1YTdkNWRjNTE0MDU1NWNmMjFhNmZlZmJkYmY4NzIzZjA2ZmNkMmY2M2VmMTA4ZjI4NTRkZTcxNWU0NDIyY2I0IiwKICAgICAgICAgICAgICAgICJzaGEyNTY6NjljMGI3MzU0OGJjNTI1YzhjYjlhMjUxY2RkZjE5MzFkMWRiNGQyMjU4ZTk1OTljMjhjMDdlZjM1ODBlZjM1NCIsCiAgICAgICAgICAgICAgICAic2hhMjU2OjZiNTQyMGExZDk0NTAwMjMyMjg5NjhlN2U2YTljZTU3ZjY1ZDE0OGFiNTZkMjMxM2ZjZDU4OWVlZTk2YTdhNTAiLAogICAgICAgICAgICAgICAgInNoYTI1Njo3MjI2OTU4MDhmNGI2NDU3YjMyMGZkYzEzMTI4MDc5NmJkY2ViMDRhYjUwZmUxNzk1Y2Q1NDA3OTllYmUxNjk4IiwKICAgICAgICAgICAgICAgICJzaGEyNTY6NzI5NTg2NzY5YTI2ZGJjZWZmNjlmN2E3ZGJiZjU5YWI2NTcyYjk5ZDk0NTc2YTU1OTI2MjVkNWI0MTE1NzZiOSIsCiAgICAgICAgICAgICAgICAic2hhMjU2Ojc3ZjA2NDNhYmU3NDk1ZGE3N2ZiNDM2ZjUwZjhkYWI3NmRiYzZlNWZkMjVkMzk1ODlhMGYxZmU2NTQ4YmZhMmIiLAogICAgICAgICAgICAgICAgInNoYTI1Njo3OTVlNzc1MTUyNWNhZTA3ODU1OGU2NzlkNjQ2YWU0NTU3NGI0N2VkNmU3NzcxODYzZmNjMDc5YTYxNzFhMGZjIiwKICAgICAgICAgICAgICAgICJzaGEyNTY6N2JlN2I2MWJiMTcyZTFlZDY4N2YxNzU0ZjhlNzQ4NGYxYzgwMTk3ODBmNmY2YjA3ODZlNzZiYjAxYzJhZTExNSIsCiAgICAgICAgICAgICAgICAic2hhMjU2OjdjM2ZiN2QyNTE4MDg5NTYzMmU1ZDMxNDhkYmRjMjllYTM4Y2NiN2ZkMjEwYWEyN2FjYmQxMjAxYTE5MDJjNmUiLAogICAgICAgICAgICAgICAgInNoYTI1Njo3ZTY4Zjg4ZTViODc5OWFhNDljODVjZDExNmM5MzJhMWFjMTVjYWFhM2Y1ZGIwOTA4Nzg1NGQyMTgzNTllNDg1IiwKICAgICAgICAgICAgICAgICJzaGEyNTY6ODM4OTFkMGU5ZmI4MWE4MjVkOWE2ZDYxZTNmMDc1NTBjYTcwYTA3NjQ4NDI5MmE3MGZkZTgyYzRiODA3Mjg2ZiIsCiAgICAgICAgICAgICAgICAic2hhMjU2Ojg0ODVmNDA2YTk2ZmViYjUxNDBiZmVjYTQ0YTczZTNjZTUxMTZiMjUwMWFjNTRmZTk1M2U0ODhmYjFkMDNiMTIiLAogICAgICAgICAgICAgICAgInNoYTI1Njo4NzA5YjA4ZjRhODlhYTc1ODZkZTBhYWRjOGRhNTYxODAyNDJlZTBhZGEzOTk5NzQ5YjE4M2FhMjNkZjk1MDI1IiwKICAgICAgICAgICAgICAgICJzaGEyNTY6OGY3MWJjMzM5MTViZTUxODYwMTZmNjc1Y2Q4M2ExZTA4NTIzNjQ5YjBlMzNlZmRiODk4ZGI1NzdlZjViYjAwOSIsCiAgICAgICAgICAgICAgICAic2hhMjU2OjkxNWMwNGJhMzg1MTkwOWNlNjhjY2MyYjhlMmNkNjkxNjE4YzRkYzRjNDIzMmZiNzk4MmJjYTNmNDFmZDhjM2QiLAogICAgICAgICAgICAgICAgInNoYTI1Njo5NDliOGQ2NmJjMzgxZWU4YjAwN2NkOTQ1OTE0YzcyMWQ5YWJhOGUyN2Y3MTk1OWQ3NTBhNDZmN2MyODJiMjBiIiwKICAgICAgICAgICAgICAgICJzaGEyNTY6OTRjNmYwYmI0MjNmNzM5MTQ2YWVjNjQ1OTU4NTM1NDE2MzRiZGU1OGIyMTM1ZjI3ZjYxYzFmZmQxY2Q0ZDE2YSIsCiAgICAgICAgICAgICAgICAic2hhMjU2OjlhMWFiZmRjMDIxYTE2NDgwM2Y0ZDQ4NTEwNDkzMWZiOGY4YzFlZmQ1NWJjNmI3NDhkMmY1Nzc0ZTc4YjYyYzUiLAogICAgICAgICAgICAgICAgInNoYTI1Njo5Yjc5YjdhMTZmN2ZlZGZmMjQ5NWQ2ODRmMmI1OWIwNDU3YzNiNDkzNzc4YzllZWQzMTExMWJlNjRkNTgyNzlmIiwKICAgICAgICAgICAgICAgICJzaGEyNTY6YTMyMDcyMWFiNWExYWJhMGEyMzM3MzkzOTRlYjkwN2Y4YzhkYTVjOThjOTE4MWQxMTYxZTc3YTBjOGUzNmYyZCIsCiAgICAgICAgICAgICAgICAic2hhMjU2OmE0YWZlNzlmYjNkZTBiNzA5N2Q4MWRhMTkwOTBmNGRmNGY4ZDNhMmIzYWRhYTg3NjQxMzhhYWMyZTQ0ZjNhZjEiLAogICAgICAgICAgICAgICAgInNoYTI1NjphZDJjZjhhYTI4YjhjMDIwYWIyZmM4Mjg3YjBmODIzZDBhN2Q4NjMwNzg0YzMxZTllZTVlZGVhMjBmNDA2Mjg3IiwKICAgICAgICAgICAgICAgICJzaGEyNTY6Yjg1MTJhOTE2MjVjOWIzZGE2ZjEyNzgwM2IxNjZiNjI5NzI1ZTY4YWY3MWY4MTg0YWU3ZTdkNTQ2ODZhNTZkNiIsCiAgICAgICAgICAgICAgICAic2hhMjU2OmJjNTFlZmVkMTE5YmM5Y2ZkZjc5MmNkZWFhNGQ2N2U4ZjZmY2NjYWI2NmVkNGJmZGQ2YmRlM2U1OWJmY2JiMmYiLAogICAgICAgICAgICAgICAgInNoYTI1NjpiZGM5MTllYWQ0OGYyMzQ3NDBhZDgwNzkzM2NkZjU0NTE4MGJmYmU5MzQyYzJiYjQ1MTU1NmRiMmVkOTU4NTgxIiwKICAgICAgICAgICAgICAgICJzaGEyNTY6YmRkMzcxMjE5NzBiZmQ4YmU3NmM1ZmIwNjljNzc1MTY4M2JkZjM3M2RiMWVkNmMwMTAxNjJiMmExMzAyNDhlZCIsCiAgICAgICAgICAgICAgICAic2hhMjU2OmJlODgxM2I1NzA0OWE3ZGM3MzgxODlkZjUzZDY5Mzk1ZWJhMTRmYjk5MzQ1ZTBhNTk5NDkxNGEzODY0YzhhNGIiLAogICAgICAgICAgICAgICAgInNoYTI1NjpjMGMwYjNhZGUxYzBiMTNiOTM2ZDc5NzBiMWQzN2E1N2FjZGU5MTk5ZGMyYWVjYzRjMzM2NzczZTFkODYwNDljIiwKICAgICAgICAgICAgICAgICJzaGEyNTY6YzQ3YTU1MTE5OWViOGViMjEyMWQ0ZjBmMTVhZTBmOTIzZDMxMzUwYWI5MjgwMDc4ZDFlNWYxMmIyNDllMDAyNiIsCiAgICAgICAgICAgICAgICAic2hhMjU2OmM0ZmZiN2ViZjA3Y2ZlODkzMTAyOGUzZTRjODVmMDM1NzQ1OWEzZjlmOTQ5MDg4NjE5ODg0OGY0ZmEwMDJlYzgiLAogICAgICAgICAgICAgICAgInNoYTI1NjpjY2ZjZDA5M2YxM2YwZjBiN2ZkZDBmMTk4YjkwMDUzYmY3YjJmMDJhMzkyN2EzMGU2M2YzY2NjOWRmNTZiNjc2IiwKICAgICAgICAgICAgICAgICJzaGEyNTY6ZDJlZTIwMmU3OWQ4ZWQ2OTFjZWViYWU4ZTA0ODZiZDlhMmNkNDc5NGNlYzQ4MjRlMWM5OWI2ZjUwMDk1MDJmNiIsCiAgICAgICAgICAgICAgICAic2hhMjU2OmQ1MzE5N2RhNzJjYzA5MWIwMjRkZDk3MjQ5ZGZjNzc5NGQ2YTU2NTMwMzcwOTkyYTVlMWEwODk4M2FkOTIzMGUiLAogICAgICAgICAgICAgICAgInNoYTI1NjpkNmRkMGJlNWI1YjE4OWQzMWRiN2NkYTQ4YjkxZDdlMGE5Nzk1ZjMxNDMwYjdmMjcxMjE5YWIzMGYxZDNhYzlkIiwKICAgICAgICAgICAgICAgICJzaGEyNTY6ZDg4YjQ0MGUzN2ExNmU2NTFiZGE0YzdjMmI5MzBlYjU4NmZkMTVjYTc0MDZjYjM5ZTIxMWZjZmYzYmYzMDE3ZCIsCiAgICAgICAgICAgICAgICAic2hhMjU2OmRlOGE4OGU2MzQ2NGFmNTg3Yzk1MDA2MWE1ZTZhNjdkMzYzMmUzNmRmNjJiOTg2ODkyMzMxZDQ2MjBhMzVjMDEiLAogICAgICAgICAgICAgICAgInNoYTI1NjpkZjI0NDkyNTNlZjEwOGEzNzliOGI1ZDZiNDNmNGIxYThlODFhMDYxZDY1MzdiZWNkNTU4MmZiYTVmOTE5NmQ3IiwKICAgICAgICAgICAgICAgICJzaGEyNTY6ZTFjMTQ5M2ZiNmU1MGFiMDFkMjBhMjI4MjZlNTc1MjBmMTI4NGRmMzJmMmQ4NjAxZmRkOTBiNjMwNDYwMTQxOSIsCiAgICAgICAgICAgICAgICAic2hhMjU2OmUxY2YxOTcyMTM3ZTgzYzVkNGMxMzZjNDNjZWQ5YWM1MWQwZTEyNDcwNmVlMWM4YWE4NTMyYzEyODdmYTg3OTUiLAogICAgICAgICAgICAgICAgInNoYTI1NjplMjEwM2E5MjlkZmEyZmNhZjliYjRlN2MwOTE5ODNhNDljOWFjM2IxOWM5MDYxYjZkNTQyN2RkN2QxNGQ4MWExIiwKICAgICAgICAgICAgICAgICJzaGEyNTY6ZTU2YjdkNDVhODM5YTY5N2I1ZWIyNjhjODJhNzFiZDhjN2Y2Yzk0ZDZmZDUwYzNkNTc3ZmEzOWE5ZjE0MDlmNSIsCiAgICAgICAgICAgICAgICAic2hhMjU2OmU4YWZjM2YyY2NmYTI0MjE1ZjhjYjI4ZGNmNDNmMDExM2FjM2MzN2MyZjBmMDgwNmQ4YzcwZTQyMjhjNWNmNGQiLAogICAgICAgICAgICAgICAgInNoYTI1NjplOGZjMjAxNTJhYmJhNmI4MzcyNGQ3ZmYyNjhjMjQ5ZmExOTZkODI1OWZmNDgxZjNiMTQ3NjM4M2Y4ZjI0ZTQyIiwKICAgICAgICAgICAgICAgICJzaGEyNTY6ZWFhOTU5OWRlNTcxZDcyZTJkYWY2MDE2NDc4NDEwOWYxOTk3OGIzMjdhMzkxMGQzZTlkZThjOTdiNWI3MGNmZSIsCiAgICAgICAgICAgICAgICAic2hhMjU2OmVjMTVhNTljZjVhZjdiZTc0MTk0ZjdhYjAyZDBmNTlhNjJiZGNmMWE1Mzc2NzdjZTY3YTI1MzdjOWI4N2ZjZGEiLAogICAgICAgICAgICAgICAgInNoYTI1NjpmMTkwZGFmMDFmMTNjNzJlYWM0ZWZkNWM0MzBhOGRlODI0ODlkOWNmZjIzYzM2NGMzZWE4MjI1NDUwMzI5OTNlIiwKICAgICAgICAgICAgICAgICJzaGEyNTY6ZjM0YzQxNzYxMDIyZGQwOTNiNGI2ODk2ZDQ4MTA3ODJmZmJhYmUzMGYyZDQ0M2ZmNWYwODNlMGNiYmI4YzczNyIsCiAgICAgICAgICAgICAgICAic2hhMjU2OmYzZTk4YmIzNzk4ZWFkOTIyNzNkYzBlNWZkMGYzMWFkZTIyMGY1OWEyNjZmZmQ4YTRmNjA2NWUwYTNjZTA1MjMiLAogICAgICAgICAgICAgICAgInNoYTI1NjpmNDJkMDk4NGU5NDdiOGFkZjdkZDZkZGUzOTZlNzIwOTM0ZDEyYzUwNmNlODRlZWE4NDc2NDA5NTYzNjA3NTkxIiwKICAgICAgICAgICAgICAgICJzaGEyNTY6ZjcxYTM5NmIzYmYzM2VjYWExNjI2YzI1NTg1NTcwMmFjYTRkM2Q5ZmVhNWUwNTFiNDFhYzU5YTljMWM0MWVkYyIsCiAgICAgICAgICAgICAgICAic2hhMjU2OmY5ZTEzMDI0OGY0NDYyYWFhOGUyNTUyZDU0N2YzNmRkYWRiZWFhNTczODc5MTU4ZDcyMWJiZDMzZGZlNDc0M2EiLAogICAgICAgICAgICAgICAgInNoYTI1NjpmZWQ1MWFjNDBmNzU3ZDQxYjdjNDg0MjU5MDE4NDM2NjZhNjY3N2UzZThlYjBhYmNmZjA5ZTRiYTZlNjY0ZjUwIgogICAgICAgICAgICBdLAogICAgICAgICAgICAibWFya2VycyI6ICJweXRob25fdmVyc2lvbiA+PSAnMy45JyIsCiAgICAgICAgICAgICJ2ZXJzaW9uIjogIj09My4wLjMiCiAgICAgICAgfSwKICAgICAgICAicHl0aG9uLWRvdGVudiI6IHsKICAgICAgICAgICAgImhhc2hlcyI6IFsKICAgICAgICAgICAgICAgICJzaGEyNTY6NDI2NjdlODk3ZTE2YWIwZDY2OTU0YWYwZTYwYTljYWE5NGYwZmQ0ZWNmM2FhZjZkMmQyNjBlZWMxYWEzNmFkNiIsCiAgICAgICAgICAgICAgICAic2hhMjU2OmI4MWVlOTU2MWU5Y2E0MDA0MTM5YzZjYmJhM2EyMzhjMzJiMDNlNDg5NDY3MWUxODFiNjcxZThjYjg0MjVkNjEiCiAgICAgICAgICAgIF0sCiAgICAgICAgICAgICJpbmRleCI6ICJweXBpIiwKICAgICAgICAgICAgIm1hcmtlcnMiOiAicHl0aG9uX3ZlcnNpb24gPj0gJzMuOSciLAogICAgICAgICAgICAidmVyc2lvbiI6ICI9PTEuMi4xIgogICAgICAgIH0sCiAgICAgICAgInB5dHoiOiB7CiAgICAgICAgICAgICJoYXNoZXMiOiBbCiAgICAgICAgICAgICAgICAic2hhMjU2OjM2MGI5ZTNkYmI0OWEyMDljMjFhZDYxODA5YzdmYjQ1MzY0M2UwNDhiMzg5MjRjNzY1ODEzNTQ2NzQ2ZTgxYzMiLAogICAgICAgICAgICAgICAgInNoYTI1Njo1ZGRmNzYyOTZkZDhjNDRjMjZlYjhmNGI2ZjM1NDg4ZjNjY2JmNmZiYmQ3YWRlZTBiNzI2MmQ0M2YwZWMyZjAwIgogICAgICAgICAgICBdLAogICAgICAgICAgICAidmVyc2lvbiI6ICI9PTIwMjUuMiIKICAgICAgICB9LAogICAgICAgICJzaXgiOiB7CiAgICAgICAgICAgICJoYXNoZXMiOiBbCiAgICAgICAgICAgICAgICAic2hhMjU2OjQ3MjFmMzkxZWQ5MDU0MWZkZGFjYWI1YWNmOTQ3YWEwZDNkYzdkMjdiMmUxZThlZGEyYmU4OTcwNTg2YzMyNzQiLAogICAgICAgICAgICAgICAgInNoYTI1NjpmZjcwMzM1ZDQ2OGU3ZWI2ZWM2NWI5NWI5OWQzYTI4MzY1NDYwNjNmNjNhY2M1MTcxZGUzNjdlODM0OTMyYTgxIgogICAgICAgICAgICBdLAoKICAgICAgICAgICAgIm1hcmtlcnMiOiAicHl0aG9uX3ZlcnNpb24gPj0gJzIuNycgYW5kIHB5dGhvbl92ZXJzaW9uIG5vdCBpbiAnMy4wLCAzLjEsIDMuMiwgMy4zJyIsCgogICAgICAgICAgICAidmVyc2lvbiI6ICI9PTEuMTcuMCIKICAgICAgICB9LAogICAgICAgICJzcWxhbGNoZW15IjogewogICAgICAgICAgICAiaGFzaGVzIjogWwogICAgICAgICAgICAgICAgInNoYTI1NjowOTE2ODgxN2Q2YzE5OTU0ZDNiNzY1NWRhNmJhODdmY2IzYTYyYmI1NzVmYjM5NmE4MWE4YjZhOWZhZGZlOGI1IiwKICAgICAgICAgICAgICAgICJzaGEyNTY6MGNjMzExN2RiNTI2Y2FkM2U2MTA3NDEwMGJkMjg2N2I1MzNlMmM3ZGMxNTY5ZTk1YzE0MDg5NzM1ZDZmYjRmZSIsCiAgICAgICAgICAgICAgICAic2hhMjU2OjE4MTkwM2ZlOGMxYjkwODI5OTUzMjVmMWIyZTg0YWMwNzhiMTE4OWUyODE5MzgwYzIzMDNhNWY5MGUxMTRhNjIiLAogICAgICAgICAgICAgICAgInNoYTI1NjoxYmMzZjYwMWYwYTgxOGQyN2JmZTEzOWY2NzY2NDg3ZDljODg1MDIwNjJhMmNkM2E3ZWU2YzM0MmU4MWQ1MDQ3IiwKICAgICAgICAgICAgICAgICJzaGEyNTY6MWU2MTk5MTQzZDUxZTNlMTE2OGJlZGQ5OGNjNjk4Mzk3NDA0YThmNzUwODgzMWI4MWI2YTI5YjE4YjA1MTA2OSIsCiAgICAgICAgICAgICAgICAic2hhMjU2OjIzNDdjM2YwZWZjNGRlMzY3YmEwMDIxOGUwYWU1YzRiYTIzMDZlNDcyMTZlZjgwZDZlMzE3NjFhYzk3Y2IwYjkiLAogICAgICAgICAgICAgICAgInNoYTI1NjoyNjFjNGIxZjEwMWI0YTQxMTE1NGYxZGEyYjc2NDk3ZDczYWJiZmM0Mjc0MDAyOTIwNWQ0ZDAxZmExMDUyNjg0IiwKICAgICAgICAgICAgICAgICJzaGEyNTY6MzNlNDYyMTU0ZWRiOTQ5M2Y2YzNhZDIxMjU5MzFlMjczYmJkMGJlOGFlNTNmM2VjZDFjMTYxZWE5YTFkZDM2NiIsCiAgICAgICAgICAgICAgICAic2hhMjU2OjM3ZmVlMjE2NGNmMjE0MTc0NzhiNmE5MDZhZGMxYTkxZDY5YWU5YWJhOGY5NTMzZTY3Y2U4ODJmNGJiMWRlNTMiLAogICAgICAgICAgICAgICAgInNoYTI1NjozYTlhNzJiMGRhODM4N2YxNWQ1ODEwZjFmYWNjYThmODc5ZGU5Yjg1YWY4YzY0NTEzOGNiYTYxZWExNDc5NjhjIiwKICAgICAgICAgICAgICAgICJzaGEyNTY6M2FhYzA4Zjc1NDYxNzk4ODljNjJiNTNiMThlYmYxMTQ4YjEwMjQ0YjM0MDU1NjljOTM5ODRiMDM4OGQwMTZhNyIsCiAgICAgICAgICAgICAgICAic2hhMjU2OjNjMzJlOTkzYmM1N2JlNmQxNzdmN2Q1ZDMxZWRiOTNmMzA3MjZkNzk4YWQ4NmZmOTA2NmQ3NWQ5YmYyZTBiNmIiLAogICAgICAgICAgICAgICAgInNoYTI1Njo0MTJmMjZiYjRiYTk0MmQ1MjAxNmVkYzhkMTJmYjE1ZDkxZDNjZDQ2YjAwNDdiYTQ2ZTQyNDIxM2FkNDA3YmNiIiwKICAgICAgICAgICAgICAgICJzaGEyNTY6NDJhMTY0M2RjNTQyN2I2OWFjYTk2N2RhZTU0MGE5MGIwZmJmNTdlYWYyNDhmMTNhOTBlYTU5MzBlMDk2Njg2MyIsCiAgICAgICAgICAgICAgICAic2hhMjU2OjQzOTZjOTQ4ZDgyMTdlODNlMmMyMDJmYmRjYzAzODljZjhjOTNkMmMxYzVlNjBmYTVjNWE5NTVlYWUwZTY0YmUiLAogICAgICAgICAgICAgICAgInNoYTI1Njo0ZGFmYjUzNzc0MGVlZjY0MGM0ZDZhN2MyNTQ2MTFkY2EyZGY4N2VhZjZkMTRkNmE1ZmNhOWQxZjRjM2ZjMGZhIiwKICAgICAgICAgICAgICAgICJzaGEyNTY6NGY1MmY3MjkxYTkyMzgxZTliNGRlOTA1MGIwYTY1Y2U1ZDZhNzYzMzMzNDA2ODYxZTMzOTA2YjhhYTQ5MDZiZiIsCiAgICAgICAgICAgICAgICAic2hhMjU2OjUyZmUyOWIzODE3YmQxOTFjYzIwYmFkNTY0MjM3YzgwODk2Nzk3MmM5N2ZhNjgzYzA0YjI4ZWM4OTc5YWUzNmYiLAogICAgICAgICAgICAgICAgInNoYTI1Njo1NmJkZDI2MWJmZDA4OTU0NTIwMDZkNTMxNmNiZjM1NzM5YzUzYjliYjcxYTE3MGEzMzFmYTBlYTU2MGIyYWRhIiwKICAgICAgICAgICAgICAgICJzaGEyNTY6NTg1YWY2YWZlNTE4NzMyZDljY2QzYWVhMzNhZjJlZGFhZTRhN2FhODgxYWY1ZDhmNmY0ZmUzYTM2ODY5OTU5NyIsCiAgICAgICAgICAgICAgICAic2hhMjU2OjU5MGJlMjRlMjBlMjQyNGE0YzNjMWIwODM1ZTk0MDVmYTNkMGFmNTgyM2ExYTlmYzAyZTVkZmY1NjQ3MTUxNWYiLAogICAgICAgICAgICAgICAgInNoYTI1Njo2NDkwMWUwOGMzMzQ2MmFjYzllYzNiYWQyN2ZjN2E1YzJiNjQ5MTY2NWYyYWE1NzU2NGU1N2E0ZjVkN2M1MmFkIiwKICAgICAgICAgICAgICAgICJzaGEyNTY6NmFjMjQ1NjA0Mjk1YjUyMWRlNDliNDY1YmFiODQ1ZTNhZmU2OTE2YmNiMjE0N2U1OTI5YzgwNDFiNGVjMDU0NSIsCiAgICAgICAgICAgICAgICAic2hhMjU2OjZmODI3ZmQ2ODdmYTFiYTdmNTE2OTllMTEzMjEyOWVhYzhkYjgwMDM2OTU1MTNmY2YxM2ZjNTg3ZTFiZDQ3YTUiLAogICAgICAgICAgICAgICAgInNoYTI1Njo3MGVkMjgzMGIxNjlhOTk2MDE5M2Y0ZDQzMjJkMjJiZTVjMDkyNTM1N2Q4MmNiZjQ4NWIzMzY5ODkzMzUwOTA4IiwKICAgICAgICAgICAgICAgICJzaGEyNTY6NzE2YmU1YmNhYmYzMjdiNmQ1ZDI2NWRiZGM2MjEzYTAxMTk5YmU1ODcyMjRlYjk5MWFkMGQzN2U4M2Q3MjhmZCIsCiAgICAgICAgICAgICAgICAic2hhMjU2Ojc1NjhmZTc3MWY5NzRhYmFkY2U1MjY2OWVmM2EwMzE1MGZmMDMxODZkOGViODI2MTNiYzhhZGM0MzVhMDNmMDEiLAogICAgICAgICAgICAgICAgInNoYTI1Njo3N2Y4MDcxZDhmYmNiYjJkZDExYjdmZDQwZGVkZDA0ZThlYmUyZWI4MDQ5NzkxNmVmZWRiYTg0NDI5ODA2NWVmIiwKICAgICAgICAgICAgICAgICJzaGEyNTY6ODJlYzUyMTAwZWMxZTZlYzY3MTU2M2JiZDAyZDdjN2M4ZDBiOWU3MWEwNzIzYzcyZjIyZWNmNTJkMTc1NTMzMCIsCiAgICAgICAgICAgICAgICAic2hhMjU2Ojg5NTI5NjY4N2FkMDZkYzliMTFhMDI0Y2Y2OGU4ZDlkMzk0M2FhMGI0OTY0Mjc4ZDI1NTNiODZmMWIyNjc3MzUiLAogICAgICAgICAgICAgICAgInNoYTI1Njo4ZDNiNDRiM2QwYWIyZjEzMTlkNzFkOTg2M2Q3NmVlYjQ2NzY2ZjhjZjllOTIxYWMyOTM1MTE4MDRkMzk4MTNmIiwKICAgICAgICAgICAgICAgICJzaGEyNTY6OGQ2NzliNWYzMTg0MjNlYWNiNjFmOTMzYTlhMGY3NTUzNWJmY2E3MDU2ZGFlYWRiZjZiZDViY2VlNjE4M2FlZSIsCiAgICAgICAgICAgICAgICAic2hhMjU2OjhlODRiMDlhOWIwZjE5YWNjZWRjYmVmZjVjMmNhZjM2ZTBkZDUzNzM0MWEzM2FhZDhkNjgwMzM2MTUyZGMzNGUiLAogICAgICAgICAgICAgICAgInNoYTI1Njo5MDk0YzhiMzE5N2RiMTJhYTZmMDVjNTFjMDVkYWFhZDBhOTJiOGM5YWY1Mzg4NTY5ODQ3YjAzYjEwMDdmYjFiIiwKICAgICAgICAgICAgICAgICJzaGEyNTY6OTBiZGU2YzZiMTgyNzU2NWE5NWZkZTU5N2RhMDAxMjEyYWI0MzZmMWIyZTBjMmRjYzcyNDZlMTRkYjI2ZTJhMyIsCiAgICAgICAgICAgICAgICAic2hhMjU2OjkzOTdiMzgxZGNlZThhMmQ2Yjk5NDQ3YWU4NWVhMjUzMGRjYWM4MmNhNDk0ZDFkYjg3NzA4N2ExM2UzODkyNmQiLAogICAgICAgICAgICAgICAgInNoYTI1Njo5M2ExMmRhOTdjY2E3MGNlYTEwZDRiNGZjNjAyNTg5YzQ1MTFmOTZjMWY4ZjZjMTE4MTc2MjBjMDIxZDIxZDAwIiwKICAgICAgICAgICAgICAgICJzaGEyNTY6OTNiYjBhYWU0MGI1MmM1N2ZkNzRlZjljNjkzM2MwOGMwNDBiYTk4ZGFmMjNhZDMzYzNmOTg5MzQ5NGI4ZDNjZSIsCiAgICAgICAgICAgICAgICAic2hhMjU2Ojk0YjFlNWYzYTVmMWZmNGY0MmQ1ZGFhYjA0NzQyOGNkNDVhMzM4MGU1MWUxOTEzNjBhMzVjZWY3MWM5YTdhMmEiLAogICAgICAgICAgICAgICAgInNoYTI1Njo5NjVjNjJiZTgyNTZkMTBjMTFmODkwN2U3YThkM2UxODEyN2E0YzUyN2E1OTE5ZDg1ZmE4N2ZkOWVjYzJjZmRjIiwKICAgICAgICAgICAgICAgICJzaGEyNTY6OTZjN2NjYTFhNGJhYmFhZjNiZmZmM2U0ZTYwNmUzODU3ODg1NjkxN2U1MmYwMzg0NjM1YTk1YjIyNmM4Nzc2NCIsCiAgICAgICAgICAgICAgICAic2hhMjU2OjliY2RjZTA1ZjA1NjYyMmE2MzJmMWQ0NGJiNDdkYmRiNjc3ZjU4Y2FkMzkzNjEyMjgwNDA2Y2UzNzUzMGViNmQiLAogICAgICAgICAgICAgICAgInNoYTI1Njo5ZDgwZWEyYWM1MTljMzY0YTcyODZlOGQ3NjVkNmNkMDg2NDhmNWIyMWNhODU1YTgwMTdkOTg3MWYwNzU1NDJkIiwKICAgICAgICAgICAgICAgICJzaGEyNTY6YTFlOGNjNmNjMDFkYTM0NmRjOTJkOTUwOWE2MzAzM2I5YjFiZGE0ZmVkN2E3YTc4MDdlZDM4NWM3ZGNjZGMxMCIsCiAgICAgICAgICAgICAgICAic2hhMjU2OmFiNjVjYjI4ODVhOWY4MGY5NzliODVhYTRlOWM5MTY1YTMxMzgxY2EzMjJjYmRlN2M2MzhmZTZlZWZkMWVjMzkiLAogICAgICAgICAgICAgICAgInNoYTI1NjphZjg2NWMxODc1MmQ0MTY3OThkYWUxM2Y4M2YzODkyN2M1MmYwODVjNTJlMmYzMmI4YWIwZmVmNDZmZGQwMmMyIiwKICAgICAgICAgICAgICAgICJzaGEyNTY6YjFlMTRiMmY2OTY1YTY4NWM3MTI4YmQzMTVlMjczODcyMDU0MjljMmUzMzllZWVjNTVjYjc1Y2E0YWIwZWEyZSIsCiAgICAgICAgICAgICAgICAic2hhMjU2OmIyYTlmOWFlZTM4MDM5Y2Y0NzU1ODkxYTFlNTBlMWVmZmNjNDJlYTZiYTA1Mzc0M2Y0NTJjMzcyYzMxNTJiMWIiLAogICAgICAgICAgICAgICAgInNoYTI1NjpiZTZjMDQ2NmI0YzI1YjQ0YzVkODJiMDQyNmI1NTAxZGUzYzQyNGQ3YTMyMjBlODZjZDMyZjMxOWJhNTY3OThlIiwKICAgICAgICAgICAgICAgICJzaGEyNTY6YzRlMmNjODY4YjdiNTIwOGFlYzZjOTYwOTUwYjdiYjgyMWY4MmMyZmU2NjQ0NmM5MmVlMGE1NzE3NjVlOTFhNSIsCiAgICAgICAgICAgICAgICAic2hhMjU2OmM4MDVmYTZlNWQ0NjEzMjlmYTAyZjUzZjg4YzkxNGQxODllYTc3MWI2ODIxMDgzOTM3ZTc5NTUwYmYzMWZjMTkiLAogICAgICAgICAgICAgICAgInNoYTI1NjpjZjM2ODUxZWU3MjE5YzE3MGJiMDc5M2RiYzNkYTNlODBjNTgyZTA0YTU0MzdiYzYwMWJmZThjODVjOTIxNmQ3IiwKICAgICAgICAgICAgICAgICJzaGEyNTY6ZGIyM2IxYmY4Y2ZlMWY3ZmRhMTkwMThlNzIwN2IyMGNkYjUxNjhmODNjNDM3ZmY3ZTk1ZDE5ZTM5Mjg5YzQ0NyIsCiAgICAgICAgICAgICAgICAic2hhMjU2OmUwYzA1YWZmNWM2YjFiYjVmYjQ2YTg3ZTBmOWQyZjczM2Y4M2VmNmNiYmJjZDVjNjQyYjZjMDE2NzgyNjgwNjEiLAogICAgICAgICAgICAgICAgInNoYTI1NjplOGFjNDVlOGY0ZWFhYzBmOWY4MDQzZWEwZTIyNDE1ODg1NWM2YTQzMjlmZDRlZTM3YzQ1YzYxZTNiZWI1MThlIiwKICAgICAgICAgICAgICAgICJzaGEyNTY6ZWEzY2Q0NmI2NzEzYTEwMjE2MzIzY2RhMzMzMzUxNDk0NGU1MTBhYTY5MWM5NDUzMzQ3MTNmY2E2YjUyNzlmZiIsCiAgICAgICAgICAgICAgICAic2hhMjU2OmViZjdlMWU3OGFmMzgwNDdlMDg4MzZkMzM1MDJjN2EyNzg5MTU2OThiN2MyMTQ1ZDA0NWY3ODAyMDE2Nzk5OTkiLAogICAgICAgICAgICAgICAgInNoYTI1NjpmOWMxMTc2NmU3ZTdjMGEyNzY3ZGRhNWFjYjAwNmExMTg2NDBjOWZjMGE0MTA0MjE0Yjk2MjY5YmZiNzgzOTllIiwKICAgICAgICAgICAgICAgICJzaGEyNTY6ZmYzM2M2ZTZhZDAwNmJiYzBmMzRmNWZhZjk0MWNmYzYyYzQ1ODQxYzY0YzBhMDU4YWMzOGM3OTlmMTViNWVkZSIKICAgICAgICAgICAgXSwKICAgICAgICAgICAgIm1hcmtlcnMiOiAicHl0aG9uX3ZlcnNpb24gPj0gJzMuNyciLAogICAgICAgICAgICAidmVyc2lvbiI6ICI9PTIuMC40NiIKICAgICAgICB9LAogICAgICAgICJ0eXBpbmctZXh0ZW5zaW9ucyI6IHsKICAgICAgICAgICAgImhhc2hlcyI6IFsKICAgICAgICAgICAgICAgICJzaGEyNTY6MGNlYTQ4ZDE3M2NjMTJmYTI4ZWNhYmMzYjgzN2VhM2NmNmYzOGM2ZDExMzZmODVjYmFhZjU5ODk4NDg2MTQ2NiIsCiAgICAgICAgICAgICAgICAic2hhMjU2OmYwZmExOWM2ODQ1NzU4YWIwODA3NGEwY2ZhOGI3YWVjYjcxYzk5OWNhNzNkNjI4ODNiYzI1Y2MwMThjNGU1NDgiCiAgICAgICAgICAgIF0sCiAgICAgICAgICAgICJtYXJrZXJzIjogInB5dGhvbl92ZXJzaW9uID49ICczLjknIiwKICAgICAgICAgICAgInZlcnNpb24iOiAiPT00LjE1LjAiCiAgICAgICAgfSwKICAgICAgICAid2Vya3pldWciOiB7CiAgICAgICAgICAgICJoYXNoZXMiOiBbCiAgICAgICAgICAgICAgICAic2hhMjU2OjUxMTFlMzZlOTEwODZlY2U5MWY5MzI2OGJiMzliNGEzNWMxZTZmMWZlYWM3NjJjOWM4MjJkZWQwYTRlMzIyZGMiLAogICAgICAgICAgICAgICAgInNoYTI1Njo2YTU0OGIwZTg4OTU1ZGQwN2NjYjI1NTM5ZDdkMGNjOTc0MTdlZTllMTc5Njc3ZDIyYzcwNDFjOGYwNzhjZTY3IgogICAgICAgICAgICBdLAogICAgICAgICAgICAibWFya2VycyI6ICJweXRob25fdmVyc2lvbiA+PSAnMy45JyIsCiAgICAgICAgICAgICJ2ZXJzaW9uIjogIj09My4xLjUiCiAgICAgICAgfQogICAgfSwKICAgICJkZXZlbG9wIjoge30KfQo=
